
Microsoft Visual Studio Solution File, Format Version 12.00
# Visual Studio Version 16
VisualStudioVersion = 16.0.31025.194
MinimumVisualStudioVersion = 10.0.40219.1
Project("{888888A0-9F3D-457C-B088-3A5042F75D52}") = "Flask_Backend", "Flask_Backend.pyproj", "{518E5C0F-2531-4357-A6AF-A66BE48CE817}"
EndProject
Global
	GlobalSection(SolutionConfigurationPlatforms) = preSolution
		Debug|Any CPU = Debug|Any CPU
		Release|Any CPU = Release|Any CPU
	EndGlobalSection
	GlobalSection(ProjectConfigurationPlatforms) = postSolution
		{518E5C0F-2531-4357-A6AF-A66BE48CE817}.Debug|Any CPU.ActiveCfg = Debug|Any CPU
		{518E5C0F-2531-4357-A6AF-A66BE48CE817}.Debug|Any CPU.Build.0 = Debug|Any CPU
		{518E5C0F-2531-4357-A6AF-A66BE48CE817}.Release|Any CPU.ActiveCfg = Release|Any CPU
		{518E5C0F-2531-4357-A6AF-A66BE48CE817}.Release|Any CPU.Build.0 = Release|Any CPU
	EndGlobalSection
	GlobalSection(SolutionProperties) = preSolution
		HideSolutionNode = FALSE
	EndGlobalSection
	GlobalSection(ExtensibilityGlobals) = postSolution
		SolutionGuid = {D200A0D0-4B12-41FF-A377-F308B483BF2F}
	EndGlobalSection
EndGlobal
